
Microsoft Visual Studio Solution File, Format Version 10.00
# Visual C++ Express 2008
Project("{8BC9CEB8-8B4A-11D0-8D11-00A0C91BC942}") = "StackProgram", "StackProgram\StackProgram.vcproj", "{D4FFEE8F-92BE-4C2B-92B0-1A130C7877BE}"
EndProject
Global
	GlobalSection(SolutionConfigurationPlatforms) = preSolution
		Debug|Win32 = Debug|Win32
		Release|Win32 = Release|Win32
	EndGlobalSection
	GlobalSection(ProjectConfigurationPlatforms) = postSolution
		{D4FFEE8F-92BE-4C2B-92B0-1A130C7877BE}.Debug|Win32.ActiveCfg = Debug|Win32
		{D4FFEE8F-92BE-4C2B-92B0-1A130C7877BE}.Debug|Win32.Build.0 = Debug|Win32
		{D4FFEE8F-92BE-4C2B-92B0-1A130C7877BE}.Release|Win32.ActiveCfg = Release|Win32
		{D4FFEE8F-92BE-4C2B-92B0-1A130C7877BE}.Release|Win32.Build.0 = Release|Win32
	EndGlobalSection
	GlobalSection(SolutionProperties) = preSolution
		HideSolutionNode = FALSE
	EndGlobalSection
EndGlobal
